// !$*UTF8*$!
{
	archiveVersion = 1;
	classes = {
	};
	objectVersion = 46;
	objects = {

/* Begin PBXBuildFile section */
		795764221348D97E002183D1 /* UIKit.framework in Frameworks */ = {isa = PBXBuildFile; fileRef = 795764211348D97E002183D1 /* UIKit.framework */; };
		795764241348D97E002183D1 /* Foundation.framework in Frameworks */ = {isa = PBXBuildFile; fileRef = 795764231348D97E002183D1 /* Foundation.framework */; };
		795764261348D97E002183D1 /* CoreGraphics.framework in Frameworks */ = {isa = PBXBuildFile; fileRef = 795764251348D97E002183D1 /* CoreGraphics.framework */; };
		7957642C1348D97E002183D1 /* InfoPlist.strings in Resources */ = {isa = PBXBuildFile; fileRef = 7957642A1348D97E002183D1 /* InfoPlist.strings */; };
		7957642F1348D97E002183D1 /* main.m in Sources */ = {isa = PBXBuildFile; fileRef = 7957642E1348D97E002183D1 /* main.m */; };
		795764321348D97E002183D1 /* iPhone_TestingAppDelegate.m in Sources */ = {isa = PBXBuildFile; fileRef = 795764311348D97E002183D1 /* iPhone_TestingAppDelegate.m */; };
		795764351348D97E002183D1 /* MainWindow.xib in Resources */ = {isa = PBXBuildFile; fileRef = 795764331348D97E002183D1 /* MainWindow.xib */; };
		795764381348D97E002183D1 /* RootViewController.m in Sources */ = {isa = PBXBuildFile; fileRef = 795764371348D97E002183D1 /* RootViewController.m */; };
		7957643B1348D97E002183D1 /* RootViewController.xib in Resources */ = {isa = PBXBuildFile; fileRef = 795764391348D97E002183D1 /* RootViewController.xib */; };
/* End PBXBuildFile section */

/* Begin PBXFileReference section */
		7957641D1348D97E002183D1 /* iPhone Testing.app */ = {isa = PBXFileReference; explicitFileType = wrapper.application; includeInIndex = 0; path = "iPhone Testing.app"; sourceTree = BUILT_PRODUCTS_DIR; };
		795764211348D97E002183D1 /* UIKit.framework */ = {isa = PBXFileReference; lastKnownFileType = wrapper.framework; name = UIKit.framework; path = System/Library/Frameworks/UIKit.framework; sourceTree = SDKROOT; };
		795764231348D97E002183D1 /* Foundation.framework */ = {isa = PBXFileReference; lastKnownFileType = wrapper.framework; name = Foundation.framework; path = System/Library/Frameworks/Foundation.framework; sourceTree = SDKROOT; };
		795764251348D97E002183D1 /* CoreGraphics.framework */ = {isa = PBXFileReference; lastKnownFileType = wrapper.framework; name = CoreGraphics.framework; path = System/Library/Frameworks/CoreGraphics.framework; sourceTree = SDKROOT; };
		795764291348D97E002183D1 /* iPhone Testing-Info.plist */ = {isa = PBXFileReference; lastKnownFileType = text.plist.xml; path = "iPhone Testing-Info.plist"; sourceTree = "<group>"; };
		7957642B1348D97E002183D1 /* en */ = {isa = PBXFileReference; lastKnownFileType = text.plist.strings; name = en; path = en.lproj/InfoPlist.strings; sourceTree = "<group>"; };
		7957642D1348D97E002183D1 /* iPhone Testing-Prefix.pch */ = {isa = PBXFileReference; lastKnownFileType = sourcecode.c.h; path = "iPhone Testing-Prefix.pch"; sourceTree = "<group>"; };
		7957642E1348D97E002183D1 /* main.m */ = {isa = PBXFileReference; lastKnownFileType = sourcecode.c.objc; path = main.m; sourceTree = "<group>"; };
		795764301348D97E002183D1 /* iPhone_TestingAppDelegate.h */ = {isa = PBXFileReference; lastKnownFileType = sourcecode.c.h; path = iPhone_TestingAppDelegate.h; sourceTree = "<group>"; };
		795764311348D97E002183D1 /* iPhone_TestingAppDelegate.m */ = {isa = PBXFileReference; lastKnownFileType = sourcecode.c.objc; path = iPhone_TestingAppDelegate.m; sourceTree = "<group>"; };
		795764341348D97E002183D1 /* en */ = {isa = PBXFileReference; lastKnownFileType = file.xib; name = en; path = en.lproj/MainWindow.xib; sourceTree = "<group>"; };
		795764361348D97E002183D1 /* RootViewController.h */ = {isa = PBXFileReference; lastKnownFileType = sourcecode.c.h; path = RootViewController.h; sourceTree = "<group>"; };
		795764371348D97E002183D1 /* RootViewController.m */ = {isa = PBXFileReference; lastKnownFileType = sourcecode.c.objc; path = RootViewController.m; sourceTree = "<group>"; };
		7957643A1348D97E002183D1 /* en */ = {isa = PBXFileReference; lastKnownFileType = file.xib; name = en; path = en.lproj/RootViewController.xib; sourceTree = "<group>"; };
/* End PBXFileReference section */

/* Begin PBXFrameworksBuildPhase section */
		7957641A1348D97E002183D1 /* Frameworks */ = {
			isa = PBXFrameworksBuildPhase;
			buildActionMask = 2147483647;
			files = (
				795764221348D97E002183D1 /* UIKit.framework in Frameworks */,
				795764241348D97E002183D1 /* Foundation.framework in Frameworks */,
				795764261348D97E002183D1 /* CoreGraphics.framework in Frameworks */,
			);
			runOnlyForDeploymentPostprocessing = 0;
		};
/* End PBXFrameworksBuildPhase section */

/* Begin PBXGroup section */
		795764121348D97E002183D1 = {
			isa = PBXGroup;
			children = (
				795764271348D97E002183D1 /* iPhone Testing */,
				795764201348D97E002183D1 /* Frameworks */,
				7957641E1348D97E002183D1 /* Products */,
			);
			sourceTree = "<group>";
		};
		7957641E1348D97E002183D1 /* Products */ = {
			isa = PBXGroup;
			children = (
				7957641D1348D97E002183D1 /* iPhone Testing.app */,
			);
			name = Products;
			sourceTree = "<group>";
		};
		795764201348D97E002183D1 /* Frameworks */ = {
			isa = PBXGroup;
			children = (
				795764211348D97E002183D1 /* UIKit.framework */,
				795764231348D97E002183D1 /* Foundation.framework */,
				795764251348D97E002183D1 /* CoreGraphics.framework */,
			);
			name = Frameworks;
			sourceTree = "<group>";
		};
		795764271348D97E002183D1 /* iPhone Testing */ = {
			isa = PBXGroup;
			children = (
				795764301348D97E002183D1 /* iPhone_TestingAppDelegate.h */,
				795764311348D97E002183D1 /* iPhone_TestingAppDelegate.m */,
				795764331348D97E002183D1 /* MainWindow.xib */,
				795764361348D97E002183D1 /* RootViewController.h */,
				795764371348D97E002183D1 /* RootViewController.m */,
				795764391348D97E002183D1 /* RootViewController.xib */,
				795764281348D97E002183D1 /* Supporting Files */,
			);
			path = "iPhone Testing";
			sourceTree = "<group>";
		};
		795764281348D97E002183D1 /* Supporting Files */ = {
			isa = PBXGroup;
			children = (
				795764291348D97E002183D1 /* iPhone Testing-Info.plist */,
				7957642A1348D97E002183D1 /* InfoPlist.strings */,
				7957642D1348D97E002183D1 /* iPhone Testing-Prefix.pch */,
				7957642E1348D97E002183D1 /* main.m */,
			);
			name = "Supporting Files";
			sourceTree = "<group>";
		};
/* End PBXGroup section */

/* Begin PBXNativeTarget section */
		7957641C1348D97E002183D1 /* iPhone Testing */ = {
			isa = PBXNativeTarget;
			buildConfigurationList = 7957643E1348D97E002183D1 /* Build configuration list for PBXNativeTarget "iPhone Testing" */;
			buildPhases = (
				795764191348D97E002183D1 /* Sources */,
				7957641A1348D97E002183D1 /* Frameworks */,
				7957641B1348D97E002183D1 /* Resources */,
			);
			buildRules = (
			);
			dependencies = (
			);
			name = "iPhone Testing";
			productName = "iPhone Testing";
			productReference = 7957641D1348D97E002183D1 /* iPhone Testing.app */;
			productType = "com.apple.product-type.application";
		};
/* End PBXNativeTarget section */

/* Begin PBXProject section */
		795764141348D97E002183D1 /* Project object */ = {
			isa = PBXProject;
			buildConfigurationList = 795764171348D97E002183D1 /* Build configuration list for PBXProject "iPhone Testing" */;
			compatibilityVersion = "Xcode 3.2";
			developmentRegion = English;
			hasScannedForEncodings = 0;
			knownRegions = (
				en,
			);
			mainGroup = 795764121348D97E002183D1;
			productRefGroup = 7957641E1348D97E002183D1 /* Products */;
			projectDirPath = "";
			projectRoot = "";
			targets = (
				7957641C1348D97E002183D1 /* iPhone Testing */,
			);
		};
/* End PBXProject section */

/* Begin PBXResourcesBuildPhase section */
		7957641B1348D97E002183D1 /* Resources */ = {
			isa = PBXResourcesBuildPhase;
			buildActionMask = 2147483647;
			files = (
				7957642C1348D97E002183D1 /* InfoPlist.strings in Resources */,
				795764351348D97E002183D1 /* MainWindow.xib in Resources */,
				7957643B1348D97E002183D1 /* RootViewController.xib in Resources */,
			);
			runOnlyForDeploymentPostprocessing = 0;
		};
/* End PBXResourcesBuildPhase section */

/* Begin PBXSourcesBuildPhase section */
		795764191348D97E002183D1 /* Sources */ = {
			isa = PBXSourcesBuildPhase;
			buildActionMask = 2147483647;
			files = (
				7957642F1348D97E002183D1 /* main.m in Sources */,
				795764321348D97E002183D1 /* iPhone_TestingAppDelegate.m in Sources */,
				795764381348D97E002183D1 /* RootViewController.m in Sources */,
			);
			runOnlyForDeploymentPostprocessing = 0;
		};
/* End PBXSourcesBuildPhase section */

/* Begin PBXVariantGroup section */
		7957642A1348D97E002183D1 /* InfoPlist.strings */ = {
			isa = PBXVariantGroup;
			children = (
				7957642B1348D97E002183D1 /* en */,
			);
			name = InfoPlist.strings;
			sourceTree = "<group>";
		};
		795764331348D97E002183D1 /* MainWindow.xib */ = {
			isa = PBXVariantGroup;
			children = (
				795764341348D97E002183D1 /* en */,
			);
			name = MainWindow.xib;
			sourceTree = "<group>";
		};
		795764391348D97E002183D1 /* RootViewController.xib */ = {
			isa = PBXVariantGroup;
			children = (
				7957643A1348D97E002183D1 /* en */,
			);
			name = RootViewController.xib;
			sourceTree = "<group>";
		};
/* End PBXVariantGroup section */

/* Begin XCBuildConfiguration section */
		7957643C1348D97E002183D1 /* Debug */ = {
			isa = XCBuildConfiguration;
			buildSettings = {
				ARCHS = "$(ARCHS_STANDARD_32_BIT)";
				"CODE_SIGN_IDENTITY[sdk=iphoneos*]" = "iPhone Developer";
				GCC_C_LANGUAGE_STANDARD = gnu99;
				GCC_OPTIMIZATION_LEVEL = 0;
				GCC_PREPROCESSOR_DEFINITIONS = DEBUG;
				GCC_SYMBOLS_PRIVATE_EXTERN = NO;
				GCC_VERSION = com.apple.compilers.llvmgcc42;
				GCC_WARN_ABOUT_RETURN_TYPE = YES;
				GCC_WARN_UNUSED_VARIABLE = YES;
				IPHONEOS_DEPLOYMENT_TARGET = 4.3;
				SDKROOT = iphoneos;
			};
			name = Debug;
		};
		7957643D1348D97E002183D1 /* Release */ = {
			isa = XCBuildConfiguration;
			buildSettings = {
				ARCHS = "$(ARCHS_STANDARD_32_BIT)";
				"CODE_SIGN_IDENTITY[sdk=iphoneos*]" = "iPhone Developer";
				GCC_C_LANGUAGE_STANDARD = gnu99;
				GCC_VERSION = com.apple.compilers.llvmgcc42;
				GCC_WARN_ABOUT_RETURN_TYPE = YES;
				GCC_WARN_UNUSED_VARIABLE = YES;
				IPHONEOS_DEPLOYMENT_TARGET = 4.3;
				OTHER_CFLAGS = "-DNS_BLOCK_ASSERTIONS=1";
				SDKROOT = iphoneos;
			};
			name = Release;
		};
		7957643F1348D97E002183D1 /* Debug */ = {
			isa = XCBuildConfiguration;
			buildSettings = {
				ALWAYS_SEARCH_USER_PATHS = NO;
				COPY_PHASE_STRIP = NO;
				GCC_DYNAMIC_NO_PIC = NO;
				GCC_PRECOMPILE_PREFIX_HEADER = YES;
				GCC_PREFIX_HEADER = "iPhone Testing/iPhone Testing-Prefix.pch";
				INFOPLIST_FILE = "iPhone Testing/iPhone Testing-Info.plist";
				PRODUCT_NAME = "$(TARGET_NAME)";
				WRAPPER_EXTENSION = app;
			};
			name = Debug;
		};
		795764401348D97E002183D1 /* Release */ = {
			isa = XCBuildConfiguration;
			buildSettings = {
				ALWAYS_SEARCH_USER_PATHS = NO;
				COPY_PHASE_STRIP = YES;
				GCC_PRECOMPILE_PREFIX_HEADER = YES;
				GCC_PREFIX_HEADER = "iPhone Testing/iPhone Testing-Prefix.pch";
				INFOPLIST_FILE = "iPhone Testing/iPhone Testing-Info.plist";
				PRODUCT_NAME = "$(TARGET_NAME)";
				VALIDATE_PRODUCT = YES;
				WRAPPER_EXTENSION = app;
			};
			name = Release;
		};
/* End XCBuildConfiguration section */

/* Begin XCConfigurationList section */
		795764171348D97E002183D1 /* Build configuration list for PBXProject "iPhone Testing" */ = {
			isa = XCConfigurationList;
			buildConfigurations = (
				7957643C1348D97E002183D1 /* Debug */,
				7957643D1348D97E002183D1 /* Release */,
			);
			defaultConfigurationIsVisible = 0;
			defaultConfigurationName = Release;
		};
		7957643E1348D97E002183D1 /* Build configuration list for PBXNativeTarget "iPhone Testing" */ = {
			isa = XCConfigurationList;
			buildConfigurations = (
				7957643F1348D97E002183D1 /* Debug */,
				795764401348D97E002183D1 /* Release */,
			);
			defaultConfigurationIsVisible = 0;
		};
/* End XCConfigurationList section */
	};
	rootObject = 795764141348D97E002183D1 /* Project object */;
}
